{
  "name": "exmaple",
  "version": "0.0.1",
  "lockfileVersion": 1,
  "requires": true,
  "dependencies": {
    "slidetoggle": {
      "version": "1.2.0",
      "resolved": "https://registry.npmjs.org/slidetoggle/-/slidetoggle-1.2.0.tgz",
      "integrity": "sha1-CMyTI6Q8uKEYtn3Fcd7TxrE9Bxg="
    }
  }
}
